
Microsoft Visual Studio Solution File, Format Version 12.00
# Visual Studio Version 17
VisualStudioVersion = 17.3.32922.545
MinimumVisualStudioVersion = 10.0.40219.1
Project("{FAE04EC0-301F-11D3-BF4B-00C04F79EFBC}") = "Multiples3sAnd5s", "CSCodeChallenges\Multiples3sAnd5s.csproj", "{012AD5D1-92FD-4292-ADDD-9B5E46000D25}"
EndProject
Global
	GlobalSection(SolutionConfigurationPlatforms) = preSolution
		Debug|Any CPU = Debug|Any CPU
		Release|Any CPU = Release|Any CPU
	EndGlobalSection
	GlobalSection(ProjectConfigurationPlatforms) = postSolution
		{012AD5D1-92FD-4292-ADDD-9B5E46000D25}.Debug|Any CPU.ActiveCfg = Debug|Any CPU
		{012AD5D1-92FD-4292-ADDD-9B5E46000D25}.Debug|Any CPU.Build.0 = Debug|Any CPU
		{012AD5D1-92FD-4292-ADDD-9B5E46000D25}.Release|Any CPU.ActiveCfg = Release|Any CPU
		{012AD5D1-92FD-4292-ADDD-9B5E46000D25}.Release|Any CPU.Build.0 = Release|Any CPU
	EndGlobalSection
	GlobalSection(SolutionProperties) = preSolution
		HideSolutionNode = FALSE
	EndGlobalSection
	GlobalSection(ExtensibilityGlobals) = postSolution
		SolutionGuid = {280ED1C9-403D-4CF9-9BA7-969D0E7EF5A0}
	EndGlobalSection
EndGlobal
